
Microsoft Visual Studio Solution File, Format Version 12.00
Project("{2150E333-8FDC-42A3-9474-1A3956D46DE8}") = "Solution Items", "Solution Items", "{098C6B84-27C5-42FC-A0AF-797BDA8F4A09}"
EndProject
Project("{FAE04EC0-301F-11D3-BF4B-00C04F79EFBC}") = "tfp-collab-userspace-infrastructure-database", "tfp-collab-userspace-infrastructure-database\tfp-collab-userspace-infrastructure-database.csproj", "{36111C55-4953-441E-B9D7-2021E752C6D3}"
EndProject
Project("{FAE04EC0-301F-11D3-BF4B-00C04F79EFBC}") = "tfp-collab-userspace-domain", "tfp-collab-userspace-domain\tfp-collab-userspace-domain.csproj", "{F52A731B-C8D4-4582-B804-5A174E8BECFC}"
EndProject
Project("{FAE04EC0-301F-11D3-BF4B-00C04F79EFBC}") = "tfp-collab-userspace-api", "tfp-collab-userspace-api\tfp-collab-userspace-api.csproj", "{15AA86A1-1986-401B-B0DA-1D548A3D0029}"
EndProject
Project("{FAE04EC0-301F-11D3-BF4B-00C04F79EFBC}") = "tfp-collab-userspace-Infrastructure-database-test", "tfp-collab-userspace-Infrastructure-database-test\tfp-collab-userspace-Infrastructure-database-test.csproj", "{EF70042D-C92E-4516-B7BB-24FF0CF8DBBF}"
EndProject
Project("{FAE04EC0-301F-11D3-BF4B-00C04F79EFBC}") = "tfp-collab-userspace-domain-test", "tfp-collab-userspace-domain-test\tfp-collab-userspace-domain-test.csproj", "{C6B7FB60-43B3-493F-B908-C5D91FCDA45D}"
EndProject
Global
	GlobalSection(SolutionConfigurationPlatforms) = preSolution
		Debug|Any CPU = Debug|Any CPU
		Release|Any CPU = Release|Any CPU
	EndGlobalSection
	GlobalSection(ProjectConfigurationPlatforms) = postSolution
		{36111C55-4953-441E-B9D7-2021E752C6D3}.Debug|Any CPU.ActiveCfg = Debug|Any CPU
		{36111C55-4953-441E-B9D7-2021E752C6D3}.Debug|Any CPU.Build.0 = Debug|Any CPU
		{36111C55-4953-441E-B9D7-2021E752C6D3}.Release|Any CPU.ActiveCfg = Release|Any CPU
		{36111C55-4953-441E-B9D7-2021E752C6D3}.Release|Any CPU.Build.0 = Release|Any CPU
		{F52A731B-C8D4-4582-B804-5A174E8BECFC}.Debug|Any CPU.ActiveCfg = Debug|Any CPU
		{F52A731B-C8D4-4582-B804-5A174E8BECFC}.Debug|Any CPU.Build.0 = Debug|Any CPU
		{F52A731B-C8D4-4582-B804-5A174E8BECFC}.Release|Any CPU.ActiveCfg = Release|Any CPU
		{F52A731B-C8D4-4582-B804-5A174E8BECFC}.Release|Any CPU.Build.0 = Release|Any CPU
		{15AA86A1-1986-401B-B0DA-1D548A3D0029}.Debug|Any CPU.ActiveCfg = Debug|Any CPU
		{15AA86A1-1986-401B-B0DA-1D548A3D0029}.Debug|Any CPU.Build.0 = Debug|Any CPU
		{15AA86A1-1986-401B-B0DA-1D548A3D0029}.Release|Any CPU.ActiveCfg = Release|Any CPU
		{15AA86A1-1986-401B-B0DA-1D548A3D0029}.Release|Any CPU.Build.0 = Release|Any CPU
		{EF70042D-C92E-4516-B7BB-24FF0CF8DBBF}.Debug|Any CPU.ActiveCfg = Debug|Any CPU
		{EF70042D-C92E-4516-B7BB-24FF0CF8DBBF}.Debug|Any CPU.Build.0 = Debug|Any CPU
		{EF70042D-C92E-4516-B7BB-24FF0CF8DBBF}.Release|Any CPU.ActiveCfg = Release|Any CPU
		{EF70042D-C92E-4516-B7BB-24FF0CF8DBBF}.Release|Any CPU.Build.0 = Release|Any CPU
		{C6B7FB60-43B3-493F-B908-C5D91FCDA45D}.Debug|Any CPU.ActiveCfg = Debug|Any CPU
		{C6B7FB60-43B3-493F-B908-C5D91FCDA45D}.Debug|Any CPU.Build.0 = Debug|Any CPU
		{C6B7FB60-43B3-493F-B908-C5D91FCDA45D}.Release|Any CPU.ActiveCfg = Release|Any CPU
		{C6B7FB60-43B3-493F-B908-C5D91FCDA45D}.Release|Any CPU.Build.0 = Release|Any CPU
	EndGlobalSection
EndGlobal
